version = 1
revision = 1
requires-python = ">=3.13, <4"

[[package]]
name = "attrs"
version = "25.3.0"
source = { registry = "https://pypi.org/simple" }
sdist = { url = "https://files.pythonhosted.org/packages/5a/b0/1367933a8532ee6ff8d63537de4f1177af4bff9f3e829baf7331f595bb24/attrs-25.3.0.tar.gz", hash = "sha256:75d7cefc7fb576747b2c81b4442d4d4a1ce0900973527c011d1030fd3bf4af1b", size = 812032 }
wheels = [
    { url = "https://files.pythonhosted.org/packages/77/06/bb80f5f86020c4551da315d78b3ab75e8228f89f0162f2c3a819e407941a/attrs-25.3.0-py3-none-any.whl", hash = "sha256:427318ce031701fea540783410126f03899a97ffc6f61596ad581ac2e40e3bc3", size = 63815 },
]

[[package]]
name = "automat"
version = "25.4.16"
source = { registry = "https://pypi.org/simple" }
sdist = { url = "https://files.pythonhosted.org/packages/e3/0f/d40bbe294bbf004d436a8bcbcfaadca8b5140d39ad0ad3d73d1a8ba15f14/automat-25.4.16.tar.gz", hash = "sha256:0017591a5477066e90d26b0e696ddc143baafd87b588cfac8100bc6be9634de0", size = 129977 }
wheels = [
    { url = "https://files.pythonhosted.org/packages/02/ff/1175b0b7371e46244032d43a56862d0af455823b5280a50c63d99cc50f18/automat-25.4.16-py3-none-any.whl", hash = "sha256:04e9bce696a8d5671ee698005af6e5a9fa15354140a87f4870744604dcdd3ba1", size = 42842 },
]

[[package]]
name = "certifi"
version = "2025.1.31"
source = { registry = "https://pypi.org/simple" }
sdist = { url = "https://files.pythonhosted.org/packages/1c/ab/c9f1e32b7b1bf505bf26f0ef697775960db7932abeb7b516de930ba2705f/certifi-2025.1.31.tar.gz", hash = "sha256:3d5da6925056f6f18f119200434a4780a94263f10d1c21d032a6f6b2baa20651", size = 167577 }
wheels = [
    { url = "https://files.pythonhosted.org/packages/38/fc/bce832fd4fd99766c04d1ee0eead6b0ec6486fb100ae5e74c1d91292b982/certifi-2025.1.31-py3-none-any.whl", hash = "sha256:ca78db4565a652026a4db2bcdf68f2fb589ea80d0be70e03929ed730746b84fe", size = 166393 },
]

[[package]]
name = "cffi"
version = "1.17.1"
source = { registry = "https://pypi.org/simple" }
dependencies = [
    { name = "pycparser" },
]
sdist = { url = "https://files.pythonhosted.org/packages/fc/97/c783634659c2920c3fc70419e3af40972dbaf758daa229a7d6ea6135c90d/cffi-1.17.1.tar.gz", hash = "sha256:1c39c6016c32bc48dd54561950ebd6836e1670f2ae46128f67cf49e789c52824", size = 516621 }
wheels = [
    { url = "https://files.pythonhosted.org/packages/8d/f8/dd6c246b148639254dad4d6803eb6a54e8c85c6e11ec9df2cffa87571dbe/cffi-1.17.1-cp313-cp313-macosx_10_13_x86_64.whl", hash = "sha256:f3a2b4222ce6b60e2e8b337bb9596923045681d71e5a082783484d845390938e", size = 182989 },
    { url = "https://files.pythonhosted.org/packages/8b/f1/672d303ddf17c24fc83afd712316fda78dc6fce1cd53011b839483e1ecc8/cffi-1.17.1-cp313-cp313-macosx_11_0_arm64.whl", hash = "sha256:0984a4925a435b1da406122d4d7968dd861c1385afe3b45ba82b750f229811e2", size = 178802 },
    { url = "https://files.pythonhosted.org/packages/0e/2d/eab2e858a91fdff70533cab61dcff4a1f55ec60425832ddfdc9cd36bc8af/cffi-1.17.1-cp313-cp313-manylinux_2_12_i686.manylinux2010_i686.manylinux_2_17_i686.manylinux2014_i686.whl", hash = "sha256:d01b12eeeb4427d3110de311e1774046ad344f5b1a7403101878976ecd7a10f3", size = 454792 },
    { url = "https://files.pythonhosted.org/packages/75/b2/fbaec7c4455c604e29388d55599b99ebcc250a60050610fadde58932b7ee/cffi-1.17.1-cp313-cp313-manylinux_2_17_aarch64.manylinux2014_aarch64.whl", hash = "sha256:706510fe141c86a69c8ddc029c7910003a17353970cff3b904ff0686a5927683", size = 478893 },
    { url = "https://files.pythonhosted.org/packages/4f/b7/6e4a2162178bf1935c336d4da8a9352cccab4d3a5d7914065490f08c0690/cffi-1.17.1-cp313-cp313-manylinux_2_17_ppc64le.manylinux2014_ppc64le.whl", hash = "sha256:de55b766c7aa2e2a3092c51e0483d700341182f08e67c63630d5b6f200bb28e5", size = 485810 },
    { url = "https://files.pythonhosted.org/packages/c7/8a/1d0e4a9c26e54746dc08c2c6c037889124d4f59dffd853a659fa545f1b40/cffi-1.17.1-cp313-cp313-manylinux_2_17_s390x.manylinux2014_s390x.whl", hash = "sha256:c59d6e989d07460165cc5ad3c61f9fd8f1b4796eacbd81cee78957842b834af4", size = 471200 },
    { url = "https://files.pythonhosted.org/packages/26/9f/1aab65a6c0db35f43c4d1b4f580e8df53914310afc10ae0397d29d697af4/cffi-1.17.1-cp313-cp313-manylinux_2_17_x86_64.manylinux2014_x86_64.whl", hash = "sha256:dd398dbc6773384a17fe0d3e7eeb8d1a21c2200473ee6806bb5e6a8e62bb73dd", size = 479447 },
    { url = "https://files.pythonhosted.org/packages/5f/e4/fb8b3dd8dc0e98edf1135ff067ae070bb32ef9d509d6cb0f538cd6f7483f/cffi-1.17.1-cp313-cp313-musllinux_1_1_aarch64.whl", hash = "sha256:3edc8d958eb099c634dace3c7e16560ae474aa3803a5df240542b305d14e14ed", size = 484358 },
    { url = "https://files.pythonhosted.org/packages/f1/47/d7145bf2dc04684935d57d67dff9d6d795b2ba2796806bb109864be3a151/cffi-1.17.1-cp313-cp313-musllinux_1_1_x86_64.whl", hash = "sha256:72e72408cad3d5419375fc87d289076ee319835bdfa2caad331e377589aebba9", size = 488469 },
    { url = "https://files.pythonhosted.org/packages/bf/ee/f94057fa6426481d663b88637a9a10e859e492c73d0384514a17d78ee205/cffi-1.17.1-cp313-cp313-win32.whl", hash = "sha256:e03eab0a8677fa80d646b5ddece1cbeaf556c313dcfac435ba11f107ba117b5d", size = 172475 },
    { url = "https://files.pythonhosted.org/packages/7c/fc/6a8cb64e5f0324877d503c854da15d76c1e50eb722e320b15345c4d0c6de/cffi-1.17.1-cp313-cp313-win_amd64.whl", hash = "sha256:f6a16c31041f09ead72d69f583767292f750d24913dadacf5756b966aacb3f1a", size = 182009 },
]

[[package]]
name = "charset-normalizer"
version = "3.4.1"
source = { registry = "https://pypi.org/simple" }
sdist = { url = "https://files.pythonhosted.org/packages/16/b0/572805e227f01586461c80e0fd25d65a2115599cc9dad142fee4b747c357/charset_normalizer-3.4.1.tar.gz", hash = "sha256:44251f18cd68a75b56585dd00dae26183e102cd5e0f9f1466e6df5da2ed64ea3", size = 123188 }
wheels = [
    { url = "https://files.pythonhosted.org/packages/38/94/ce8e6f63d18049672c76d07d119304e1e2d7c6098f0841b51c666e9f44a0/charset_normalizer-3.4.1-cp313-cp313-macosx_10_13_universal2.whl", hash = "sha256:aabfa34badd18f1da5ec1bc2715cadc8dca465868a4e73a0173466b688f29dda", size = 195698 },
    { url = "https://files.pythonhosted.org/packages/24/2e/dfdd9770664aae179a96561cc6952ff08f9a8cd09a908f259a9dfa063568/charset_normalizer-3.4.1-cp313-cp313-manylinux_2_17_aarch64.manylinux2014_aarch64.whl", hash = "sha256:22e14b5d70560b8dd51ec22863f370d1e595ac3d024cb8ad7d308b4cd95f8313", size = 140162 },
    { url = "https://files.pythonhosted.org/packages/24/4e/f646b9093cff8fc86f2d60af2de4dc17c759de9d554f130b140ea4738ca6/charset_normalizer-3.4.1-cp313-cp313-manylinux_2_17_ppc64le.manylinux2014_ppc64le.whl", hash = "sha256:8436c508b408b82d87dc5f62496973a1805cd46727c34440b0d29d8a2f50a6c9", size = 150263 },
    { url = "https://files.pythonhosted.org/packages/5e/67/2937f8d548c3ef6e2f9aab0f6e21001056f692d43282b165e7c56023e6dd/charset_normalizer-3.4.1-cp313-cp313-manylinux_2_17_s390x.manylinux2014_s390x.whl", hash = "sha256:2d074908e1aecee37a7635990b2c6d504cd4766c7bc9fc86d63f9c09af3fa11b", size = 142966 },
    { url = "https://files.pythonhosted.org/packages/52/ed/b7f4f07de100bdb95c1756d3a4d17b90c1a3c53715c1a476f8738058e0fa/charset_normalizer-3.4.1-cp313-cp313-manylinux_2_17_x86_64.manylinux2014_x86_64.whl", hash = "sha256:955f8851919303c92343d2f66165294848d57e9bba6cf6e3625485a70a038d11", size = 144992 },
    { url = "https://files.pythonhosted.org/packages/96/2c/d49710a6dbcd3776265f4c923bb73ebe83933dfbaa841c5da850fe0fd20b/charset_normalizer-3.4.1-cp313-cp313-manylinux_2_5_i686.manylinux1_i686.manylinux_2_17_i686.manylinux2014_i686.whl", hash = "sha256:44ecbf16649486d4aebafeaa7ec4c9fed8b88101f4dd612dcaf65d5e815f837f", size = 147162 },
    { url = "https://files.pythonhosted.org/packages/b4/41/35ff1f9a6bd380303dea55e44c4933b4cc3c4850988927d4082ada230273/charset_normalizer-3.4.1-cp313-cp313-musllinux_1_2_aarch64.whl", hash = "sha256:0924e81d3d5e70f8126529951dac65c1010cdf117bb75eb02dd12339b57749dd", size = 140972 },
    { url = "https://files.pythonhosted.org/packages/fb/43/c6a0b685fe6910d08ba971f62cd9c3e862a85770395ba5d9cad4fede33ab/charset_normalizer-3.4.1-cp313-cp313-musllinux_1_2_i686.whl", hash = "sha256:2967f74ad52c3b98de4c3b32e1a44e32975e008a9cd2a8cc8966d6a5218c5cb2", size = 149095 },
    { url = "https://files.pythonhosted.org/packages/4c/ff/a9a504662452e2d2878512115638966e75633519ec11f25fca3d2049a94a/charset_normalizer-3.4.1-cp313-cp313-musllinux_1_2_ppc64le.whl", hash = "sha256:c75cb2a3e389853835e84a2d8fb2b81a10645b503eca9bcb98df6b5a43eb8886", size = 152668 },
    { url = "https://files.pythonhosted.org/packages/6c/71/189996b6d9a4b932564701628af5cee6716733e9165af1d5e1b285c530ed/charset_normalizer-3.4.1-cp313-cp313-musllinux_1_2_s390x.whl", hash = "sha256:09b26ae6b1abf0d27570633b2b078a2a20419c99d66fb2823173d73f188ce601", size = 150073 },
    { url = "https://files.pythonhosted.org/packages/e4/93/946a86ce20790e11312c87c75ba68d5f6ad2208cfb52b2d6a2c32840d922/charset_normalizer-3.4.1-cp313-cp313-musllinux_1_2_x86_64.whl", hash = "sha256:fa88b843d6e211393a37219e6a1c1df99d35e8fd90446f1118f4216e307e48cd", size = 145732 },
    { url = "https://files.pythonhosted.org/packages/cd/e5/131d2fb1b0dddafc37be4f3a2fa79aa4c037368be9423061dccadfd90091/charset_normalizer-3.4.1-cp313-cp313-win32.whl", hash = "sha256:eb8178fe3dba6450a3e024e95ac49ed3400e506fd4e9e5c32d30adda88cbd407", size = 95391 },
    { url = "https://files.pythonhosted.org/packages/27/f2/4f9a69cc7712b9b5ad8fdb87039fd89abba997ad5cbe690d1835d40405b0/charset_normalizer-3.4.1-cp313-cp313-win_amd64.whl", hash = "sha256:b1ac5992a838106edb89654e0aebfc24f5848ae2547d22c2c3f66454daa11971", size = 102702 },
    { url = "https://files.pythonhosted.org/packages/0e/f6/65ecc6878a89bb1c23a086ea335ad4bf21a588990c3f535a227b9eea9108/charset_normalizer-3.4.1-py3-none-any.whl", hash = "sha256:d98b1668f06378c6dbefec3b92299716b931cd4e6061f3c875a71ced1780ab85", size = 49767 },
]

[[package]]
name = "colorama"
version = "0.4.6"
source = { registry = "https://pypi.org/simple" }
sdist = { url = "https://files.pythonhosted.org/packages/d8/53/6f443c9a4a8358a93a6792e2acffb9d9d5cb0a5cfd8802644b7b1c9a02e4/colorama-0.4.6.tar.gz", hash = "sha256:08695f5cb7ed6e0531a20572697297273c47b8cae5a63ffc6d6ed5c201be6e44", size = 27697 }
wheels = [
    { url = "https://files.pythonhosted.org/packages/d1/d6/3965ed04c63042e047cb6a3e6ed1a63a35087b6a609aa3a15ed8ac56c221/colorama-0.4.6-py2.py3-none-any.whl", hash = "sha256:4f1d9991f5acc0ca119f9d443620b77f9d6b33703e51011c16baf57afb285fc6", size = 25335 },
]

[[package]]
name = "colorlog"
version = "6.9.0"
source = { registry = "https://pypi.org/simple" }
dependencies = [
    { name = "colorama", marker = "sys_platform == 'win32'" },
]
sdist = { url = "https://files.pythonhosted.org/packages/d3/7a/359f4d5df2353f26172b3cc39ea32daa39af8de522205f512f458923e677/colorlog-6.9.0.tar.gz", hash = "sha256:bfba54a1b93b94f54e1f4fe48395725a3d92fd2a4af702f6bd70946bdc0c6ac2", size = 16624 }
wheels = [
    { url = "https://files.pythonhosted.org/packages/e3/51/9b208e85196941db2f0654ad0357ca6388ab3ed67efdbfc799f35d1f83aa/colorlog-6.9.0-py3-none-any.whl", hash = "sha256:5906e71acd67cb07a71e779c47c4bcb45fb8c2993eebe9e5adcd6a6f1b283eff", size = 11424 },
]

[[package]]
name = "constantly"
version = "23.10.4"
source = { registry = "https://pypi.org/simple" }
sdist = { url = "https://files.pythonhosted.org/packages/4d/6f/cb2a94494ff74aa9528a36c5b1422756330a75a8367bf20bd63171fc324d/constantly-23.10.4.tar.gz", hash = "sha256:aa92b70a33e2ac0bb33cd745eb61776594dc48764b06c35e0efd050b7f1c7cbd", size = 13300 }
wheels = [
    { url = "https://files.pythonhosted.org/packages/b8/40/c199d095151addf69efdb4b9ca3a4f20f70e20508d6222bffb9b76f58573/constantly-23.10.4-py3-none-any.whl", hash = "sha256:3fd9b4d1c3dc1ec9757f3c52aef7e53ad9323dbe39f51dfd4c43853b68dfa3f9", size = 13547 },
]

[[package]]
name = "cryptography"
version = "44.0.2"
source = { registry = "https://pypi.org/simple" }
dependencies = [
    { name = "cffi", marker = "platform_python_implementation != 'PyPy'" },
]
sdist = { url = "https://files.pythonhosted.org/packages/cd/25/4ce80c78963834b8a9fd1cc1266be5ed8d1840785c0f2e1b73b8d128d505/cryptography-44.0.2.tar.gz", hash = "sha256:c63454aa261a0cf0c5b4718349629793e9e634993538db841165b3df74f37ec0", size = 710807 }
wheels = [
    { url = "https://files.pythonhosted.org/packages/92/ef/83e632cfa801b221570c5f58c0369db6fa6cef7d9ff859feab1aae1a8a0f/cryptography-44.0.2-cp37-abi3-macosx_10_9_universal2.whl", hash = "sha256:efcfe97d1b3c79e486554efddeb8f6f53a4cdd4cf6086642784fa31fc384e1d7", size = 6676361 },
    { url = "https://files.pythonhosted.org/packages/30/ec/7ea7c1e4c8fc8329506b46c6c4a52e2f20318425d48e0fe597977c71dbce/cryptography-44.0.2-cp37-abi3-manylinux_2_17_aarch64.manylinux2014_aarch64.whl", hash = "sha256:29ecec49f3ba3f3849362854b7253a9f59799e3763b0c9d0826259a88efa02f1", size = 3952350 },
    { url = "https://files.pythonhosted.org/packages/27/61/72e3afdb3c5ac510330feba4fc1faa0fe62e070592d6ad00c40bb69165e5/cryptography-44.0.2-cp37-abi3-manylinux_2_17_x86_64.manylinux2014_x86_64.whl", hash = "sha256:bc821e161ae88bfe8088d11bb39caf2916562e0a2dc7b6d56714a48b784ef0bb", size = 4166572 },
    { url = "https://files.pythonhosted.org/packages/26/e4/ba680f0b35ed4a07d87f9e98f3ebccb05091f3bf6b5a478b943253b3bbd5/cryptography-44.0.2-cp37-abi3-manylinux_2_28_aarch64.whl", hash = "sha256:3c00b6b757b32ce0f62c574b78b939afab9eecaf597c4d624caca4f9e71e7843", size = 3958124 },
    { url = "https://files.pythonhosted.org/packages/9c/e8/44ae3e68c8b6d1cbc59040288056df2ad7f7f03bbcaca6b503c737ab8e73/cryptography-44.0.2-cp37-abi3-manylinux_2_28_armv7l.manylinux_2_31_armv7l.whl", hash = "sha256:7bdcd82189759aba3816d1f729ce42ffded1ac304c151d0a8e89b9996ab863d5", size = 3678122 },
    { url = "https://files.pythonhosted.org/packages/27/7b/664ea5e0d1eab511a10e480baf1c5d3e681c7d91718f60e149cec09edf01/cryptography-44.0.2-cp37-abi3-manylinux_2_28_x86_64.whl", hash = "sha256:4973da6ca3db4405c54cd0b26d328be54c7747e89e284fcff166132eb7bccc9c", size = 4191831 },
    { url = "https://files.pythonhosted.org/packages/2a/07/79554a9c40eb11345e1861f46f845fa71c9e25bf66d132e123d9feb8e7f9/cryptography-44.0.2-cp37-abi3-manylinux_2_34_aarch64.whl", hash = "sha256:4e389622b6927d8133f314949a9812972711a111d577a5d1f4bee5e58736b80a", size = 3960583 },
    { url = "https://files.pythonhosted.org/packages/bb/6d/858e356a49a4f0b591bd6789d821427de18432212e137290b6d8a817e9bf/cryptography-44.0.2-cp37-abi3-manylinux_2_34_x86_64.whl", hash = "sha256:f514ef4cd14bb6fb484b4a60203e912cfcb64f2ab139e88c2274511514bf7308", size = 4191753 },
    { url = "https://files.pythonhosted.org/packages/b2/80/62df41ba4916067fa6b125aa8c14d7e9181773f0d5d0bd4dcef580d8b7c6/cryptography-44.0.2-cp37-abi3-musllinux_1_2_aarch64.whl", hash = "sha256:1bc312dfb7a6e5d66082c87c34c8a62176e684b6fe3d90fcfe1568de675e6688", size = 4079550 },
    { url = "https://files.pythonhosted.org/packages/f3/cd/2558cc08f7b1bb40683f99ff4327f8dcfc7de3affc669e9065e14824511b/cryptography-44.0.2-cp37-abi3-musllinux_1_2_x86_64.whl", hash = "sha256:3b721b8b4d948b218c88cb8c45a01793483821e709afe5f622861fc6182b20a7", size = 4298367 },
    { url = "https://files.pythonhosted.org/packages/71/59/94ccc74788945bc3bd4cf355d19867e8057ff5fdbcac781b1ff95b700fb1/cryptography-44.0.2-cp37-abi3-win32.whl", hash = "sha256:51e4de3af4ec3899d6d178a8c005226491c27c4ba84101bfb59c901e10ca9f79", size = 2772843 },
    { url = "https://files.pythonhosted.org/packages/ca/2c/0d0bbaf61ba05acb32f0841853cfa33ebb7a9ab3d9ed8bb004bd39f2da6a/cryptography-44.0.2-cp37-abi3-win_amd64.whl", hash = "sha256:c505d61b6176aaf982c5717ce04e87da5abc9a36a5b39ac03905c4aafe8de7aa", size = 3209057 },
    { url = "https://files.pythonhosted.org/packages/9e/be/7a26142e6d0f7683d8a382dd963745e65db895a79a280a30525ec92be890/cryptography-44.0.2-cp39-abi3-macosx_10_9_universal2.whl", hash = "sha256:8e0ddd63e6bf1161800592c71ac794d3fb8001f2caebe0966e77c5234fa9efc3", size = 6677789 },
    { url = "https://files.pythonhosted.org/packages/06/88/638865be7198a84a7713950b1db7343391c6066a20e614f8fa286eb178ed/cryptography-44.0.2-cp39-abi3-manylinux_2_17_aarch64.manylinux2014_aarch64.whl", hash = "sha256:81276f0ea79a208d961c433a947029e1a15948966658cf6710bbabb60fcc2639", size = 3951919 },
    { url = "https://files.pythonhosted.org/packages/d7/fc/99fe639bcdf58561dfad1faa8a7369d1dc13f20acd78371bb97a01613585/cryptography-44.0.2-cp39-abi3-manylinux_2_17_x86_64.manylinux2014_x86_64.whl", hash = "sha256:9a1e657c0f4ea2a23304ee3f964db058c9e9e635cc7019c4aa21c330755ef6fd", size = 4167812 },
    { url = "https://files.pythonhosted.org/packages/53/7b/aafe60210ec93d5d7f552592a28192e51d3c6b6be449e7fd0a91399b5d07/cryptography-44.0.2-cp39-abi3-manylinux_2_28_aarch64.whl", hash = "sha256:6210c05941994290f3f7f175a4a57dbbb2afd9273657614c506d5976db061181", size = 3958571 },
    { url = "https://files.pythonhosted.org/packages/16/32/051f7ce79ad5a6ef5e26a92b37f172ee2d6e1cce09931646eef8de1e9827/cryptography-44.0.2-cp39-abi3-manylinux_2_28_armv7l.manylinux_2_31_armv7l.whl", hash = "sha256:d1c3572526997b36f245a96a2b1713bf79ce99b271bbcf084beb6b9b075f29ea", size = 3679832 },
    { url = "https://files.pythonhosted.org/packages/78/2b/999b2a1e1ba2206f2d3bca267d68f350beb2b048a41ea827e08ce7260098/cryptography-44.0.2-cp39-abi3-manylinux_2_28_x86_64.whl", hash = "sha256:b042d2a275c8cee83a4b7ae30c45a15e6a4baa65a179a0ec2d78ebb90e4f6699", size = 4193719 },
    { url = "https://files.pythonhosted.org/packages/72/97/430e56e39a1356e8e8f10f723211a0e256e11895ef1a135f30d7d40f2540/cryptography-44.0.2-cp39-abi3-manylinux_2_34_aarch64.whl", hash = "sha256:d03806036b4f89e3b13b6218fefea8d5312e450935b1a2d55f0524e2ed7c59d9", size = 3960852 },
    { url = "https://files.pythonhosted.org/packages/89/33/c1cf182c152e1d262cac56850939530c05ca6c8d149aa0dcee490b417e99/cryptography-44.0.2-cp39-abi3-manylinux_2_34_x86_64.whl", hash = "sha256:c7362add18b416b69d58c910caa217f980c5ef39b23a38a0880dfd87bdf8cd23", size = 4193906 },
    { url = "https://files.pythonhosted.org/packages/e1/99/87cf26d4f125380dc674233971069bc28d19b07f7755b29861570e513650/cryptography-44.0.2-cp39-abi3-musllinux_1_2_aarch64.whl", hash = "sha256:8cadc6e3b5a1f144a039ea08a0bdb03a2a92e19c46be3285123d32029f40a922", size = 4081572 },
    { url = "https://files.pythonhosted.org/packages/b3/9f/6a3e0391957cc0c5f84aef9fbdd763035f2b52e998a53f99345e3ac69312/cryptography-44.0.2-cp39-abi3-musllinux_1_2_x86_64.whl", hash = "sha256:6f101b1f780f7fc613d040ca4bdf835c6ef3b00e9bd7125a4255ec574c7916e4", size = 4298631 },
    { url = "https://files.pythonhosted.org/packages/e2/a5/5bc097adb4b6d22a24dea53c51f37e480aaec3465285c253098642696423/cryptography-44.0.2-cp39-abi3-win32.whl", hash = "sha256:3dc62975e31617badc19a906481deacdeb80b4bb454394b4098e3f2525a488c5", size = 2773792 },
    { url = "https://files.pythonhosted.org/packages/33/cf/1f7649b8b9a3543e042d3f348e398a061923ac05b507f3f4d95f11938aa9/cryptography-44.0.2-cp39-abi3-win_amd64.whl", hash = "sha256:5f6f90b72d8ccadb9c6e311c775c8305381db88374c65fa1a68250aa8a9cb3a6", size = 3210957 },
]

[[package]]
name = "cssselect"
version = "1.3.0"
source = { registry = "https://pypi.org/simple" }
sdist = { url = "https://files.pythonhosted.org/packages/72/0a/c3ea9573b1dc2e151abfe88c7fe0c26d1892fe6ed02d0cdb30f0d57029d5/cssselect-1.3.0.tar.gz", hash = "sha256:57f8a99424cfab289a1b6a816a43075a4b00948c86b4dcf3ef4ee7e15f7ab0c7", size = 42870 }
wheels = [
    { url = "https://files.pythonhosted.org/packages/ee/58/257350f7db99b4ae12b614a36256d9cc870d71d9e451e79c2dc3b23d7c3c/cssselect-1.3.0-py3-none-any.whl", hash = "sha256:56d1bf3e198080cc1667e137bc51de9cadfca259f03c2d4e09037b3e01e30f0d", size = 18786 },
]

[[package]]
name = "defusedxml"
version = "0.7.1"
source = { registry = "https://pypi.org/simple" }
sdist = { url = "https://files.pythonhosted.org/packages/0f/d5/c66da9b79e5bdb124974bfe172b4daf3c984ebd9c2a06e2b8a4dc7331c72/defusedxml-0.7.1.tar.gz", hash = "sha256:1bb3032db185915b62d7c6209c5a8792be6a32ab2fedacc84e01b52c51aa3e69", size = 75520 }
wheels = [
    { url = "https://files.pythonhosted.org/packages/07/6c/aa3f2f849e01cb6a001cd8554a88d4c77c5c1a31c95bdf1cf9301e6d9ef4/defusedxml-0.7.1-py2.py3-none-any.whl", hash = "sha256:a352e7e428770286cc899e2542b6cdaedb2b4953ff269a210103ec58f6198a61", size = 25604 },
]

[[package]]
name = "filelock"
version = "3.18.0"
source = { registry = "https://pypi.org/simple" }
sdist = { url = "https://files.pythonhosted.org/packages/0a/10/c23352565a6544bdc5353e0b15fc1c563352101f30e24bf500207a54df9a/filelock-3.18.0.tar.gz", hash = "sha256:adbc88eabb99d2fec8c9c1b229b171f18afa655400173ddc653d5d01501fb9f2", size = 18075 }
wheels = [
    { url = "https://files.pythonhosted.org/packages/4d/36/2a115987e2d8c300a974597416d9de88f2444426de9571f4b59b2cca3acc/filelock-3.18.0-py3-none-any.whl", hash = "sha256:c401f4f8377c4464e6db25fff06205fd89bdd83b65eb0488ed1b160f780e21de", size = 16215 },
]

[[package]]
name = "hyperlink"
version = "21.0.0"
source = { registry = "https://pypi.org/simple" }
dependencies = [
    { name = "idna" },
]
sdist = { url = "https://files.pythonhosted.org/packages/3a/51/1947bd81d75af87e3bb9e34593a4cf118115a8feb451ce7a69044ef1412e/hyperlink-21.0.0.tar.gz", hash = "sha256:427af957daa58bc909471c6c40f74c5450fa123dd093fc53efd2e91d2705a56b", size = 140743 }
wheels = [
    { url = "https://files.pythonhosted.org/packages/6e/aa/8caf6a0a3e62863cbb9dab27135660acba46903b703e224f14f447e57934/hyperlink-21.0.0-py2.py3-none-any.whl", hash = "sha256:e6b14c37ecb73e89c77d78cdb4c2cc8f3fb59a885c5b3f819ff4ed80f25af1b4", size = 74638 },
]

[[package]]
name = "idna"
version = "3.10"
source = { registry = "https://pypi.org/simple" }
sdist = { url = "https://files.pythonhosted.org/packages/f1/70/7703c29685631f5a7590aa73f1f1d3fa9a380e654b86af429e0934a32f7d/idna-3.10.tar.gz", hash = "sha256:12f65c9b470abda6dc35cf8e63cc574b1c52b11df2c86030af0ac09b01b13ea9", size = 190490 }
wheels = [
    { url = "https://files.pythonhosted.org/packages/76/c6/c88e154df9c4e1a2a66ccf0005a88dfb2650c1dffb6f5ce603dfbd452ce3/idna-3.10-py3-none-any.whl", hash = "sha256:946d195a0d259cbba61165e88e65941f16e9b36ea6ddb97f00452bae8b1287d3", size = 70442 },
]

[[package]]
name = "incremental"
version = "24.7.2"
source = { registry = "https://pypi.org/simple" }
dependencies = [
    { name = "setuptools" },
]
sdist = { url = "https://files.pythonhosted.org/packages/27/87/156b374ff6578062965afe30cc57627d35234369b3336cf244b240c8d8e6/incremental-24.7.2.tar.gz", hash = "sha256:fb4f1d47ee60efe87d4f6f0ebb5f70b9760db2b2574c59c8e8912be4ebd464c9", size = 28157 }
wheels = [
    { url = "https://files.pythonhosted.org/packages/0d/38/221e5b2ae676a3938c2c1919131410c342b6efc2baffeda395dd66eeca8f/incremental-24.7.2-py3-none-any.whl", hash = "sha256:8cb2c3431530bec48ad70513931a760f446ad6c25e8333ca5d95e24b0ed7b8fe", size = 20516 },
]

[[package]]
name = "itemadapter"
version = "0.11.0"
source = { registry = "https://pypi.org/simple" }
sdist = { url = "https://files.pythonhosted.org/packages/3d/4a/3fac3054be284c160b142460d7337c56e89d7be094c7895b113b2b01c256/itemadapter-0.11.0.tar.gz", hash = "sha256:3b0f27f4c5e2e8ae415d83e3d60d33adb7ba09b98c30638bc606fb1dff2ecdd2", size = 24045 }
wheels = [
    { url = "https://files.pythonhosted.org/packages/17/be/b0adb6fd8c943ce81664e17f6db384ea2547ddf67fdd526c5605879fb78d/itemadapter-0.11.0-py3-none-any.whl", hash = "sha256:07bc1a26a51f124ec155b80ee3d170eda06ffccd7ceba99c08bea68ad4de5fcd", size = 11842 },
]

[[package]]
name = "itemloaders"
version = "1.3.2"
source = { registry = "https://pypi.org/simple" }
dependencies = [
    { name = "itemadapter" },
    { name = "jmespath" },
    { name = "parsel" },
]
sdist = { url = "https://files.pythonhosted.org/packages/b6/3e/c549370e95c9dc7ec5e155c075e2700fa75abe5625608a4ce5009eabe0bf/itemloaders-1.3.2.tar.gz", hash = "sha256:4faf5b3abe83bf014476e3fd9ccf66867282971d9f1d4e96d9a61b60c3786770", size = 19707 }
wheels = [
    { url = "https://files.pythonhosted.org/packages/d5/68/9592dcfd9c24467b545fac17b098a171e372bf0d775400fa1971712bca57/itemloaders-1.3.2-py3-none-any.whl", hash = "sha256:6a91465f721c7bad8b07e1fbb0560cf99f4845156ed9f7bf2ca424336c6a677c", size = 12194 },
]

[[package]]
name = "jmespath"
version = "1.0.1"
source = { registry = "https://pypi.org/simple" }
sdist = { url = "https://files.pythonhosted.org/packages/00/2a/e867e8531cf3e36b41201936b7fa7ba7b5702dbef42922193f05c8976cd6/jmespath-1.0.1.tar.gz", hash = "sha256:90261b206d6defd58fdd5e85f478bf633a2901798906be2ad389150c5c60edbe", size = 25843 }
wheels = [
    { url = "https://files.pythonhosted.org/packages/31/b4/b9b800c45527aadd64d5b442f9b932b00648617eb5d63d2c7a6587b7cafc/jmespath-1.0.1-py3-none-any.whl", hash = "sha256:02e2e4cc71b5bcab88332eebf907519190dd9e6e82107fa7f83b1003a6252980", size = 20256 },
]

[[package]]
name = "lxml"
version = "5.3.2"
source = { registry = "https://pypi.org/simple" }
sdist = { url = "https://files.pythonhosted.org/packages/80/61/d3dc048cd6c7be6fe45b80cedcbdd4326ba4d550375f266d9f4246d0f4bc/lxml-5.3.2.tar.gz", hash = "sha256:773947d0ed809ddad824b7b14467e1a481b8976e87278ac4a730c2f7c7fcddc1", size = 3679948 }
wheels = [
    { url = "https://files.pythonhosted.org/packages/19/fe/904fd1b0ba4f42ed5a144fcfff7b8913181892a6aa7aeb361ee783d441f8/lxml-5.3.2-cp313-cp313-macosx_10_13_universal2.whl", hash = "sha256:77626571fb5270ceb36134765f25b665b896243529eefe840974269b083e090d", size = 8173598 },
    { url = "https://files.pythonhosted.org/packages/97/e8/5e332877b3ce4e2840507b35d6dbe1cc33b17678ece945ba48d2962f8c06/lxml-5.3.2-cp313-cp313-macosx_10_13_x86_64.whl", hash = "sha256:78a533375dc7aa16d0da44af3cf6e96035e484c8c6b2b2445541a5d4d3d289ee", size = 4441586 },
    { url = "https://files.pythonhosted.org/packages/de/f4/8fe2e6d8721803182fbce2325712e98f22dbc478126070e62731ec6d54a0/lxml-5.3.2-cp313-cp313-manylinux_2_12_i686.manylinux2010_i686.manylinux_2_17_i686.manylinux2014_i686.whl", hash = "sha256:a6f62b2404b3f3f0744bbcabb0381c5fe186fa2a9a67ecca3603480f4846c585", size = 5038447 },
    { url = "https://files.pythonhosted.org/packages/a6/ac/fa63f86a1a4b1ba8b03599ad9e2f5212fa813223ac60bfe1155390d1cc0c/lxml-5.3.2-cp313-cp313-manylinux_2_17_aarch64.manylinux2014_aarch64.whl", hash = "sha256:2ea918da00091194526d40c30c4996971f09dacab032607581f8d8872db34fbf", size = 4783583 },
    { url = "https://files.pythonhosted.org/packages/1a/7a/08898541296a02c868d4acc11f31a5839d80f5b21d4a96f11d4c0fbed15e/lxml-5.3.2-cp313-cp313-manylinux_2_17_ppc64le.manylinux2014_ppc64le.whl", hash = "sha256:c35326f94702a7264aa0eea826a79547d3396a41ae87a70511b9f6e9667ad31c", size = 5305684 },
    { url = "https://files.pythonhosted.org/packages/0b/be/9a6d80b467771b90be762b968985d3de09e0d5886092238da65dac9c1f75/lxml-5.3.2-cp313-cp313-manylinux_2_17_s390x.manylinux2014_s390x.whl", hash = "sha256:e3bef90af21d31c4544bc917f51e04f94ae11b43156356aff243cdd84802cbf2", size = 4830797 },
    { url = "https://files.pythonhosted.org/packages/8d/1c/493632959f83519802637f7db3be0113b6e8a4e501b31411fbf410735a75/lxml-5.3.2-cp313-cp313-manylinux_2_17_x86_64.manylinux2014_x86_64.whl", hash = "sha256:52fa7ba11a495b7cbce51573c73f638f1dcff7b3ee23697467dc063f75352a69", size = 4950302 },
    { url = "https://files.pythonhosted.org/packages/c7/13/01aa3b92a6b93253b90c061c7527261b792f5ae7724b420cded733bfd5d6/lxml-5.3.2-cp313-cp313-manylinux_2_28_aarch64.whl", hash = "sha256:ad131e2c4d2c3803e736bb69063382334e03648de2a6b8f56a878d700d4b557d", size = 4775247 },
    { url = "https://files.pythonhosted.org/packages/60/4a/baeb09fbf5c84809e119c9cf8e2e94acec326a9b45563bf5ae45a234973b/lxml-5.3.2-cp313-cp313-manylinux_2_28_ppc64le.whl", hash = "sha256:00a4463ca409ceacd20490a893a7e08deec7870840eff33dc3093067b559ce3e", size = 5338824 },
    { url = "https://files.pythonhosted.org/packages/69/c7/a05850f169ad783ed09740ac895e158b06d25fce4b13887a8ac92a84d61c/lxml-5.3.2-cp313-cp313-manylinux_2_28_s390x.whl", hash = "sha256:87e8d78205331cace2b73ac8249294c24ae3cba98220687b5b8ec5971a2267f1", size = 4899079 },
    { url = "https://files.pythonhosted.org/packages/de/48/18ca583aba5235582db0e933ed1af6540226ee9ca16c2ee2d6f504fcc34a/lxml-5.3.2-cp313-cp313-manylinux_2_28_x86_64.whl", hash = "sha256:bf6389133bb255e530a4f2f553f41c4dd795b1fbb6f797aea1eff308f1e11606", size = 4978041 },
    { url = "https://files.pythonhosted.org/packages/b6/55/6968ddc88554209d1dba0dca196360c629b3dfe083bc32a3370f9523a0c4/lxml-5.3.2-cp313-cp313-musllinux_1_2_aarch64.whl", hash = "sha256:b3709fc752b42fb6b6ffa2ba0a5b9871646d97d011d8f08f4d5b3ee61c7f3b2b", size = 4859761 },
    { url = "https://files.pythonhosted.org/packages/2e/52/d2d3baa1e0b7d04a729613160f1562f466fb1a0e45085a33acb0d6981a2b/lxml-5.3.2-cp313-cp313-musllinux_1_2_ppc64le.whl", hash = "sha256:abc795703d0de5d83943a4badd770fbe3d1ca16ee4ff3783d7caffc252f309ae", size = 5418209 },
    { url = "https://files.pythonhosted.org/packages/d3/50/6005b297ba5f858a113d6e81ccdb3a558b95a615772e7412d1f1cbdf22d7/lxml-5.3.2-cp313-cp313-musllinux_1_2_s390x.whl", hash = "sha256:98050830bb6510159f65d9ad1b8aca27f07c01bb3884ba95f17319ccedc4bcf9", size = 5274231 },
    { url = "https://files.pythonhosted.org/packages/fb/33/6f40c09a5f7d7e7fcb85ef75072e53eba3fbadbf23e4991ca069ab2b1abb/lxml-5.3.2-cp313-cp313-musllinux_1_2_x86_64.whl", hash = "sha256:6ba465a91acc419c5682f8b06bcc84a424a7aa5c91c220241c6fd31de2a72bc6", size = 5051899 },
    { url = "https://files.pythonhosted.org/packages/8b/3a/673bc5c0d5fb6596ee2963dd016fdaefaed2c57ede82c7634c08cbda86c1/lxml-5.3.2-cp313-cp313-win32.whl", hash = "sha256:56a1d56d60ea1ec940f949d7a309e0bff05243f9bd337f585721605670abb1c1", size = 3485315 },
    { url = "https://files.pythonhosted.org/packages/8c/be/cab8dd33b0dbe3af5b5d4d24137218f79ea75d540f74eb7d8581195639e0/lxml-5.3.2-cp313-cp313-win_amd64.whl", hash = "sha256:1a580dc232c33d2ad87d02c8a3069d47abbcdce974b9c9cc82a79ff603065dbe", size = 3814639 },
]

[[package]]
name = "packaging"
version = "24.2"
source = { registry = "https://pypi.org/simple" }
sdist = { url = "https://files.pythonhosted.org/packages/d0/63/68dbb6eb2de9cb10ee4c9c14a0148804425e13c4fb20d61cce69f53106da/packaging-24.2.tar.gz", hash = "sha256:c228a6dc5e932d346bc5739379109d49e8853dd8223571c7c5b55260edc0b97f", size = 163950 }
wheels = [
    { url = "https://files.pythonhosted.org/packages/88/ef/eb23f262cca3c0c4eb7ab1933c3b1f03d021f2c48f54763065b6f0e321be/packaging-24.2-py3-none-any.whl", hash = "sha256:09abb1bccd265c01f4a3aa3f7a7db064b36514d2cba19a2f694fe6150451a759", size = 65451 },
]

[[package]]
name = "parsel"
version = "1.10.0"
source = { registry = "https://pypi.org/simple" }
dependencies = [
    { name = "cssselect" },
    { name = "jmespath" },
    { name = "lxml" },
    { name = "packaging" },
    { name = "w3lib" },
]
sdist = { url = "https://files.pythonhosted.org/packages/f6/df/acd504c154c0b9028b0d8491a77fdd5f86e9c06ee04f986abf85e36d9a5f/parsel-1.10.0.tar.gz", hash = "sha256:14f17db9559f51b43357b9dfe43cec870a8efb5ea4857abb624ec6ff80d8a080", size = 51421 }
wheels = [
    { url = "https://files.pythonhosted.org/packages/12/18/35d1d947553d24909dca37e2ff11720eecb601360d1bac8d7a9a1bc7eb08/parsel-1.10.0-py2.py3-none-any.whl", hash = "sha256:6a0c28bd81f9df34ba665884c88efa0b18b8d2c44c81f64e27f2f0cb37d46169", size = 17266 },
]

[[package]]
name = "peewee"
version = "3.17.9"
source = { registry = "https://pypi.org/simple" }
sdist = { url = "https://files.pythonhosted.org/packages/57/09/4393bd378e70b7fc3163ee83353cc27bb520010a5c2b3c924121e7e7e068/peewee-3.17.9.tar.gz", hash = "sha256:fe15cd001758e324c8e3ca8c8ed900e7397c2907291789e1efc383e66b9bc7a8", size = 3026085 }

[[package]]
name = "protego"
version = "0.4.0"
source = { registry = "https://pypi.org/simple" }
sdist = { url = "https://files.pythonhosted.org/packages/4e/6b/84e878d0567dfc11538bad6ce2595cee7ae0c47cf6bf7293683c9ec78ef8/protego-0.4.0.tar.gz", hash = "sha256:93a5e662b61399a0e1f208a324f2c6ea95b23ee39e6cbf2c96246da4a656c2f6", size = 3246425 }
wheels = [
    { url = "https://files.pythonhosted.org/packages/d9/fd/8d84d75832b0983cecf3aff7ae48362fe96fc8ab6ebca9dcf3cefd87e79c/Protego-0.4.0-py2.py3-none-any.whl", hash = "sha256:37640bc0ebe37572d624453a21381d05e9d86e44f89ff1e81794d185a0491666", size = 8553 },
]

[[package]]
name = "pyasn1"
version = "0.6.1"
source = { registry = "https://pypi.org/simple" }
sdist = { url = "https://files.pythonhosted.org/packages/ba/e9/01f1a64245b89f039897cb0130016d79f77d52669aae6ee7b159a6c4c018/pyasn1-0.6.1.tar.gz", hash = "sha256:6f580d2bdd84365380830acf45550f2511469f673cb4a5ae3857a3170128b034", size = 145322 }
wheels = [
    { url = "https://files.pythonhosted.org/packages/c8/f1/d6a797abb14f6283c0ddff96bbdd46937f64122b8c925cab503dd37f8214/pyasn1-0.6.1-py3-none-any.whl", hash = "sha256:0d632f46f2ba09143da3a8afe9e33fb6f92fa2320ab7e886e2d0f7672af84629", size = 83135 },
]

[[package]]
name = "pyasn1-modules"
version = "0.4.2"
source = { registry = "https://pypi.org/simple" }
dependencies = [
    { name = "pyasn1" },
]
sdist = { url = "https://files.pythonhosted.org/packages/e9/e6/78ebbb10a8c8e4b61a59249394a4a594c1a7af95593dc933a349c8d00964/pyasn1_modules-0.4.2.tar.gz", hash = "sha256:677091de870a80aae844b1ca6134f54652fa2c8c5a52aa396440ac3106e941e6", size = 307892 }
wheels = [
    { url = "https://files.pythonhosted.org/packages/47/8d/d529b5d697919ba8c11ad626e835d4039be708a35b0d22de83a269a6682c/pyasn1_modules-0.4.2-py3-none-any.whl", hash = "sha256:29253a9207ce32b64c3ac6600edc75368f98473906e8fd1043bd6b5b1de2c14a", size = 181259 },
]

[[package]]
name = "pycparser"
version = "2.22"
source = { registry = "https://pypi.org/simple" }
sdist = { url = "https://files.pythonhosted.org/packages/1d/b2/31537cf4b1ca988837256c910a668b553fceb8f069bedc4b1c826024b52c/pycparser-2.22.tar.gz", hash = "sha256:491c8be9c040f5390f5bf44a5b07752bd07f56edf992381b05c701439eec10f6", size = 172736 }
wheels = [
    { url = "https://files.pythonhosted.org/packages/13/a3/a812df4e2dd5696d1f351d58b8fe16a405b234ad2886a0dab9183fb78109/pycparser-2.22-py3-none-any.whl", hash = "sha256:c3702b6d3dd8c7abc1afa565d7e63d53a1d0bd86cdc24edd75470f4de499cfcc", size = 117552 },
]

[[package]]
name = "pydispatcher"
version = "2.0.7"
source = { registry = "https://pypi.org/simple" }
sdist = { url = "https://files.pythonhosted.org/packages/21/db/030d0700ae90d2f9d52c2f3c1f864881e19cef8cba3b0a08759c8494c19c/PyDispatcher-2.0.7.tar.gz", hash = "sha256:b777c6ad080dc1bad74a4c29d6a46914fa6701ac70f94b0d66fbcfde62f5be31", size = 38891 }
wheels = [
    { url = "https://files.pythonhosted.org/packages/66/0e/9ee7bc0b48ec45d93b302fa2d787830dca4dc454d31a237faa5815995988/PyDispatcher-2.0.7-py3-none-any.whl", hash = "sha256:96543bea04115ffde08f851e1d45cacbfd1ee866ac42127d9b476dc5aefa7de0", size = 12040 },
]

[[package]]
name = "pyopenssl"
version = "25.0.0"
source = { registry = "https://pypi.org/simple" }
dependencies = [
    { name = "cryptography" },
]
sdist = { url = "https://files.pythonhosted.org/packages/9f/26/e25b4a374b4639e0c235527bbe31c0524f26eda701d79456a7e1877f4cc5/pyopenssl-25.0.0.tar.gz", hash = "sha256:cd2cef799efa3936bb08e8ccb9433a575722b9dd986023f1cabc4ae64e9dac16", size = 179573 }
wheels = [
    { url = "https://files.pythonhosted.org/packages/ca/d7/eb76863d2060dcbe7c7e6cccfd95ac02ea0b9acc37745a0d99ff6457aefb/pyOpenSSL-25.0.0-py3-none-any.whl", hash = "sha256:424c247065e46e76a37411b9ab1782541c23bb658bf003772c3405fbaa128e90", size = 56453 },
]

[[package]]
name = "pypydispatcher"
version = "2.1.2"
source = { registry = "https://pypi.org/simple" }
sdist = { url = "https://files.pythonhosted.org/packages/d5/7b/65f55513d3c769fd677f90032d8d8703e3dc17e88a41b6074d2177548bca/PyPyDispatcher-2.1.2.tar.gz", hash = "sha256:b6bec5dfcff9d2535bca2b23c80eae367b1ac250a645106948d315fcfa9130f2", size = 23224 }

[[package]]
name = "queuelib"
version = "1.8.0"
source = { registry = "https://pypi.org/simple" }
sdist = { url = "https://files.pythonhosted.org/packages/4c/78/9ace6888cf6d390c9aec3ba93020838b08934959b544a7f10b15db815d29/queuelib-1.8.0.tar.gz", hash = "sha256:582bc65514481100b0539bd671da6b355b878869cfc77d92c63b75fcc9cf8e27", size = 11675 }
wheels = [
    { url = "https://files.pythonhosted.org/packages/70/44/542f4e702fafc477260d3463ae1bcdd113faac9d42336601af50985af914/queuelib-1.8.0-py3-none-any.whl", hash = "sha256:599468c5589716e63d3bb753dae7bf32cc94838ade1e7b450a061faec4a2015d", size = 13615 },
]

[[package]]
name = "requests"
version = "2.32.3"
source = { registry = "https://pypi.org/simple" }
dependencies = [
    { name = "certifi" },
    { name = "charset-normalizer" },
    { name = "idna" },
    { name = "urllib3" },
]
sdist = { url = "https://files.pythonhosted.org/packages/63/70/2bf7780ad2d390a8d301ad0b550f1581eadbd9a20f896afe06353c2a2913/requests-2.32.3.tar.gz", hash = "sha256:55365417734eb18255590a9ff9eb97e9e1da868d4ccd6402399eaf68af20a760", size = 131218 }
wheels = [
    { url = "https://files.pythonhosted.org/packages/f9/9b/335f9764261e915ed497fcdeb11df5dfd6f7bf257d4a6a2a686d80da4d54/requests-2.32.3-py3-none-any.whl", hash = "sha256:70761cfe03c773ceb22aa2f671b4757976145175cdfca038c02654d061d6dcc6", size = 64928 },
]

[[package]]
name = "requests-file"
version = "2.1.0"
source = { registry = "https://pypi.org/simple" }
dependencies = [
    { name = "requests" },
]
sdist = { url = "https://files.pythonhosted.org/packages/72/97/bf44e6c6bd8ddbb99943baf7ba8b1a8485bcd2fe0e55e5708d7fee4ff1ae/requests_file-2.1.0.tar.gz", hash = "sha256:0f549a3f3b0699415ac04d167e9cb39bccfb730cb832b4d20be3d9867356e658", size = 6891 }
wheels = [
    { url = "https://files.pythonhosted.org/packages/d7/25/dd878a121fcfdf38f52850f11c512e13ec87c2ea72385933818e5b6c15ce/requests_file-2.1.0-py2.py3-none-any.whl", hash = "sha256:cf270de5a4c5874e84599fc5778303d496c10ae5e870bfa378818f35d21bda5c", size = 4244 },
]

[[package]]
name = "scrapy"
version = "2.12.0"
source = { registry = "https://pypi.org/simple" }
dependencies = [
    { name = "cryptography" },
    { name = "cssselect" },
    { name = "defusedxml" },
    { name = "itemadapter" },
    { name = "itemloaders" },
    { name = "lxml" },
    { name = "packaging" },
    { name = "parsel" },
    { name = "protego" },
    { name = "pydispatcher", marker = "platform_python_implementation == 'CPython'" },
    { name = "pyopenssl" },
    { name = "pypydispatcher", marker = "platform_python_implementation == 'PyPy'" },
    { name = "queuelib" },
    { name = "service-identity" },
    { name = "tldextract" },
    { name = "twisted" },
    { name = "w3lib" },
    { name = "zope-interface" },
]
sdist = { url = "https://files.pythonhosted.org/packages/f8/52/b0f4ded03c5966e7e90c607bb9aa7e3c5b228cb1d7051325fde017c46987/scrapy-2.12.0.tar.gz", hash = "sha256:d66d6e76009b12447604196875a463b61d10721140032a8084a0a52df7f4788f", size = 1210998 }
wheels = [
    { url = "https://files.pythonhosted.org/packages/e8/43/2cc828e9b7a453d791afbe3ef36c951f4641fc1d886b6d39e9455c5468e0/Scrapy-2.12.0-py2.py3-none-any.whl", hash = "sha256:c33e2dc7da42e727390bacb32dd9938a54ac210fa71972b5c392754f478669cd", size = 311170 },
]

[[package]]
name = "service-identity"
version = "24.2.0"
source = { registry = "https://pypi.org/simple" }
dependencies = [
    { name = "attrs" },
    { name = "cryptography" },
    { name = "pyasn1" },
    { name = "pyasn1-modules" },
]
sdist = { url = "https://files.pythonhosted.org/packages/07/a5/dfc752b979067947261dbbf2543470c58efe735c3c1301dd870ef27830ee/service_identity-24.2.0.tar.gz", hash = "sha256:b8683ba13f0d39c6cd5d625d2c5f65421d6d707b013b375c355751557cbe8e09", size = 39245 }
wheels = [
    { url = "https://files.pythonhosted.org/packages/08/2c/ca6dd598b384bc1ce581e24aaae0f2bed4ccac57749d5c3befbb5e742081/service_identity-24.2.0-py3-none-any.whl", hash = "sha256:6b047fbd8a84fd0bb0d55ebce4031e400562b9196e1e0d3e0fe2b8a59f6d4a85", size = 11364 },
]

[[package]]
name = "setuptools"
version = "78.1.0"
source = { registry = "https://pypi.org/simple" }
sdist = { url = "https://files.pythonhosted.org/packages/a9/5a/0db4da3bc908df06e5efae42b44e75c81dd52716e10192ff36d0c1c8e379/setuptools-78.1.0.tar.gz", hash = "sha256:18fd474d4a82a5f83dac888df697af65afa82dec7323d09c3e37d1f14288da54", size = 1367827 }
wheels = [
    { url = "https://files.pythonhosted.org/packages/54/21/f43f0a1fa8b06b32812e0975981f4677d28e0f3271601dc88ac5a5b83220/setuptools-78.1.0-py3-none-any.whl", hash = "sha256:3e386e96793c8702ae83d17b853fb93d3e09ef82ec62722e61da5cd22376dcd8", size = 1256108 },
]

[[package]]
name = "starbucksdb"
version = "0.1.0"
source = { editable = "." }
dependencies = [
    { name = "colorlog" },
    { name = "peewee" },
    { name = "scrapy" },
]

[package.metadata]
requires-dist = [
    { name = "colorlog", specifier = ">=6.8.2,<7" },
    { name = "peewee", specifier = ">=3.17.5,<4" },
    { name = "scrapy", specifier = ">=2.11.2,<3" },
]

[[package]]
name = "tldextract"
version = "5.2.0"
source = { registry = "https://pypi.org/simple" }
dependencies = [
    { name = "filelock" },
    { name = "idna" },
    { name = "requests" },
    { name = "requests-file" },
]
sdist = { url = "https://files.pythonhosted.org/packages/20/7a/e469c4f71231a848492da31a7be6921a6cd04ecc8eed58e924bece0fb6de/tldextract-5.2.0.tar.gz", hash = "sha256:c3a8c4daf2c25a57f54d6ef6762aeac7eff5ac3da04cdb607130be757b8457ab", size = 126839 }
wheels = [
    { url = "https://files.pythonhosted.org/packages/5e/20/b400e99827439eb91d5aa283e09d43e7e46aba66b07edf6f09404cb741da/tldextract-5.2.0-py3-none-any.whl", hash = "sha256:59509cbf99628c9440f4d19d3a1fd8488d50297ea23879c136576263c5a04eba", size = 106308 },
]

[[package]]
name = "twisted"
version = "24.11.0"
source = { registry = "https://pypi.org/simple" }
dependencies = [
    { name = "attrs" },
    { name = "automat" },
    { name = "constantly" },
    { name = "hyperlink" },
    { name = "incremental" },
    { name = "typing-extensions" },
    { name = "zope-interface" },
]
sdist = { url = "https://files.pythonhosted.org/packages/77/1c/e07af0df31229250ab58a943077e4adbd5e227d9f2ac826920416b3e5fa2/twisted-24.11.0.tar.gz", hash = "sha256:695d0556d5ec579dcc464d2856b634880ed1319f45b10d19043f2b57eb0115b5", size = 3526722 }
wheels = [
    { url = "https://files.pythonhosted.org/packages/70/53/a50654eb9c63da0df2b5dca8ec27656a88b7edd798de5ffad55353203874/twisted-24.11.0-py3-none-any.whl", hash = "sha256:fe403076c71f04d5d2d789a755b687c5637ec3bcd3b2b8252d76f2ba65f54261", size = 3188667 },
]

[[package]]
name = "typing-extensions"
version = "4.13.2"
source = { registry = "https://pypi.org/simple" }
sdist = { url = "https://files.pythonhosted.org/packages/f6/37/23083fcd6e35492953e8d2aaaa68b860eb422b34627b13f2ce3eb6106061/typing_extensions-4.13.2.tar.gz", hash = "sha256:e6c81219bd689f51865d9e372991c540bda33a0379d5573cddb9a3a23f7caaef", size = 106967 }
wheels = [
    { url = "https://files.pythonhosted.org/packages/8b/54/b1ae86c0973cc6f0210b53d508ca3641fb6d0c56823f288d108bc7ab3cc8/typing_extensions-4.13.2-py3-none-any.whl", hash = "sha256:a439e7c04b49fec3e5d3e2beaa21755cadbbdc391694e28ccdd36ca4a1408f8c", size = 45806 },
]

[[package]]
name = "urllib3"
version = "2.4.0"
source = { registry = "https://pypi.org/simple" }
sdist = { url = "https://files.pythonhosted.org/packages/8a/78/16493d9c386d8e60e442a35feac5e00f0913c0f4b7c217c11e8ec2ff53e0/urllib3-2.4.0.tar.gz", hash = "sha256:414bc6535b787febd7567804cc015fee39daab8ad86268f1310a9250697de466", size = 390672 }
wheels = [
    { url = "https://files.pythonhosted.org/packages/6b/11/cc635220681e93a0183390e26485430ca2c7b5f9d33b15c74c2861cb8091/urllib3-2.4.0-py3-none-any.whl", hash = "sha256:4e16665048960a0900c702d4a66415956a584919c03361cac9f1df5c5dd7e813", size = 128680 },
]

[[package]]
name = "w3lib"
version = "2.3.1"
source = { registry = "https://pypi.org/simple" }
sdist = { url = "https://files.pythonhosted.org/packages/bf/7d/1172cfaa1e29beb9bf938e484c122b3bdc82e8e37b17a4f753ba6d6e009f/w3lib-2.3.1.tar.gz", hash = "sha256:5c8ac02a3027576174c2b61eb9a2170ba1b197cae767080771b6f1febda249a4", size = 49531 }
wheels = [
    { url = "https://files.pythonhosted.org/packages/58/dd/56f0d8af71e475ed194d702f8b4cf9cea812c95e82ad823d239023c6558c/w3lib-2.3.1-py3-none-any.whl", hash = "sha256:9ccd2ae10c8c41c7279cd8ad4fe65f834be894fe7bfdd7304b991fd69325847b", size = 21751 },
]

[[package]]
name = "zope-interface"
version = "7.2"
source = { registry = "https://pypi.org/simple" }
dependencies = [
    { name = "setuptools" },
]
sdist = { url = "https://files.pythonhosted.org/packages/30/93/9210e7606be57a2dfc6277ac97dcc864fd8d39f142ca194fdc186d596fda/zope.interface-7.2.tar.gz", hash = "sha256:8b49f1a3d1ee4cdaf5b32d2e738362c7f5e40ac8b46dd7d1a65e82a4872728fe", size = 252960 }
wheels = [
    { url = "https://files.pythonhosted.org/packages/c6/3b/e309d731712c1a1866d61b5356a069dd44e5b01e394b6cb49848fa2efbff/zope.interface-7.2-cp313-cp313-macosx_10_9_x86_64.whl", hash = "sha256:3e0350b51e88658d5ad126c6a57502b19d5f559f6cb0a628e3dc90442b53dd98", size = 208961 },
    { url = "https://files.pythonhosted.org/packages/49/65/78e7cebca6be07c8fc4032bfbb123e500d60efdf7b86727bb8a071992108/zope.interface-7.2-cp313-cp313-macosx_11_0_arm64.whl", hash = "sha256:15398c000c094b8855d7d74f4fdc9e73aa02d4d0d5c775acdef98cdb1119768d", size = 209356 },
    { url = "https://files.pythonhosted.org/packages/11/b1/627384b745310d082d29e3695db5f5a9188186676912c14b61a78bbc6afe/zope.interface-7.2-cp313-cp313-manylinux_2_17_aarch64.manylinux2014_aarch64.whl", hash = "sha256:802176a9f99bd8cc276dcd3b8512808716492f6f557c11196d42e26c01a69a4c", size = 264196 },
    { url = "https://files.pythonhosted.org/packages/b8/f6/54548df6dc73e30ac6c8a7ff1da73ac9007ba38f866397091d5a82237bd3/zope.interface-7.2-cp313-cp313-manylinux_2_5_i686.manylinux1_i686.manylinux_2_17_i686.manylinux2014_i686.whl", hash = "sha256:eb23f58a446a7f09db85eda09521a498e109f137b85fb278edb2e34841055398", size = 259237 },
    { url = "https://files.pythonhosted.org/packages/b6/66/ac05b741c2129fdf668b85631d2268421c5cd1a9ff99be1674371139d665/zope.interface-7.2-cp313-cp313-manylinux_2_5_x86_64.manylinux1_x86_64.manylinux_2_17_x86_64.manylinux2014_x86_64.whl", hash = "sha256:a71a5b541078d0ebe373a81a3b7e71432c61d12e660f1d67896ca62d9628045b", size = 264696 },
    { url = "https://files.pythonhosted.org/packages/0a/2f/1bccc6f4cc882662162a1158cda1a7f616add2ffe322b28c99cb031b4ffc/zope.interface-7.2-cp313-cp313-win_amd64.whl", hash = "sha256:4893395d5dd2ba655c38ceb13014fd65667740f09fa5bb01caa1e6284e48c0cd", size = 212472 },
]
